
Microsoft Visual Studio Solution File, Format Version 12.00
# Visual Studio Version 17
VisualStudioVersion = 17.5.002.0
MinimumVisualStudioVersion = 10.0.40219.1
Project("{9A19103F-16F7-4668-BE54-9A1E7A4F7556}") = "PORTFOLOSITE", "PORTFOLOSITE.csproj", "{AADB5CB1-EC44-48DA-9087-561D6647F552}"
EndProject
Global
	GlobalSection(SolutionConfigurationPlatforms) = preSolution
		Debug|Any CPU = Debug|Any CPU
		Release|Any CPU = Release|Any CPU
	EndGlobalSection
	GlobalSection(ProjectConfigurationPlatforms) = postSolution
		{AADB5CB1-EC44-48DA-9087-561D6647F552}.Debug|Any CPU.ActiveCfg = Debug|Any CPU
		{AADB5CB1-EC44-48DA-9087-561D6647F552}.Debug|Any CPU.Build.0 = Debug|Any CPU
		{AADB5CB1-EC44-48DA-9087-561D6647F552}.Release|Any CPU.ActiveCfg = Release|Any CPU
		{AADB5CB1-EC44-48DA-9087-561D6647F552}.Release|Any CPU.Build.0 = Release|Any CPU
	EndGlobalSection
	GlobalSection(SolutionProperties) = preSolution
		HideSolutionNode = FALSE
	EndGlobalSection
	GlobalSection(ExtensibilityGlobals) = postSolution
		SolutionGuid = {B3453C63-66DB-4AF0-AC53-20638856125F}
	EndGlobalSection
EndGlobal
